
Microsoft Visual Studio Solution File, Format Version 12.00
# Visual Studio 15
VisualStudioVersion = 15.0.26730.12
MinimumVisualStudioVersion = 10.0.40219.1
Project("{FAE04EC0-301F-11D3-BF4B-00C04F79EFBC}") = "Class06Demo", "Class06Demo\Class06Demo.csproj", "{96770067-3281-4006-82EF-AB9D26A76BCB}"
EndProject
Global
	GlobalSection(SolutionConfigurationPlatforms) = preSolution
		Debug|Any CPU = Debug|Any CPU
		Release|Any CPU = Release|Any CPU
	EndGlobalSection
	GlobalSection(ProjectConfigurationPlatforms) = postSolution
		{96770067-3281-4006-82EF-AB9D26A76BCB}.Debug|Any CPU.ActiveCfg = Debug|Any CPU
		{96770067-3281-4006-82EF-AB9D26A76BCB}.Debug|Any CPU.Build.0 = Debug|Any CPU
		{96770067-3281-4006-82EF-AB9D26A76BCB}.Release|Any CPU.ActiveCfg = Release|Any CPU
		{96770067-3281-4006-82EF-AB9D26A76BCB}.Release|Any CPU.Build.0 = Release|Any CPU
	EndGlobalSection
	GlobalSection(SolutionProperties) = preSolution
		HideSolutionNode = FALSE
	EndGlobalSection
	GlobalSection(ExtensibilityGlobals) = postSolution
		SolutionGuid = {A78D2CD3-B028-4CEE-A669-32B36D12CEFE}
	EndGlobalSection
EndGlobal
